# THIS IS AN AUTOGENERATED FILE. DO NOT EDIT THIS FILE DIRECTLY.
# yarn lockfile v1


prettier@latest:
  version "3.2.5"
  resolved "https://registry.yarnpkg.com/prettier/-/prettier-3.2.5.tgz#e52bc3090586e824964a8813b09aba6233b28368"
  integrity sha512-3/GWa9aOC0YeD7LUfvOG2NiDyhOWRvt1k+rcKhOuYnMY24iiCphgneUfJDyFXd6rZCAnuLBv6UeAULtrhT/F4A==

turbo-darwin-64@1.13.1-canary.3:
  version "1.13.1-canary.3"
  resolved "https://registry.yarnpkg.com/turbo-darwin-64/-/turbo-darwin-64-1.13.1-canary.3.tgz#e1ae90267d243c466e8c6f3f37b1d2bc876ae46b"
  integrity sha512-Q7MkubiNwvK17bWz69qXuFS9MkpKMc0CjA+voAUQYDSgfwrd6jwJTLfiyv30VyffJVAIHiquEQn+ZUqksl07AA==

turbo-darwin-arm64@1.13.1-canary.3:
  version "1.13.1-canary.3"
  resolved "https://registry.yarnpkg.com/turbo-darwin-arm64/-/turbo-darwin-arm64-1.13.1-canary.3.tgz#a34259140a1ce8f55b25f54e16b1b0ed39be3a84"
  integrity sha512-7aO1e/sIdjDyom2YdLy6UYMMGGkuFTL5b2JBtrLKdzEStRJMNOM2IkJbtAKVvHAkDoftLMkW+ZxItBluObUcfQ==

turbo-linux-64@1.13.1-canary.3:
  version "1.13.1-canary.3"
  resolved "https://registry.yarnpkg.com/turbo-linux-64/-/turbo-linux-64-1.13.1-canary.3.tgz#3d908f5c1af175507ac9810b53a0d24d6f7b85c7"
  integrity sha512-ernj3lo7CRrtgHnmhC1totAxItt3IsJEW2M6ma1mRv5i2XdFkSp9kbUxlpeGVPqVN1lY95/p7yVvX9aGIbSGtQ==

turbo-linux-arm64@1.13.1-canary.3:
  version "1.13.1-canary.3"
  resolved "https://registry.yarnpkg.com/turbo-linux-arm64/-/turbo-linux-arm64-1.13.1-canary.3.tgz#617da2f6e3712a54c3892c9adbf1bd205f5b0d7a"
  integrity sha512-qysgEKavqeTevroosRPwrDlRoC477XKcWCSfuc3ShpnttE7XWHOxyfQxPtMdPIRIZHGFAfazStxss1Uuyc0Rwg==

turbo-windows-64@1.13.1-canary.3:
  version "1.13.1-canary.3"
  resolved "https://registry.yarnpkg.com/turbo-windows-64/-/turbo-windows-64-1.13.1-canary.3.tgz#2588615b32c985e58274fd84f1829d6c93938362"
  integrity sha512-5pQlVdWb0DMGKKYZW9L6LTXHwWUxfxIHsm9tjbCKiOBkFkMRuh8iUqPbA76szk/bTqQ5PqEg59ZMKhMxTrT/lQ==

turbo-windows-arm64@1.13.1-canary.3:
  version "1.13.1-canary.3"
  resolved "https://registry.yarnpkg.com/turbo-windows-arm64/-/turbo-windows-arm64-1.13.1-canary.3.tgz#51b720de2a993e68892440258542af525becb109"
  integrity sha512-Bmx0QVq0gduI7Yd+1fijgYkXx1LcDr6WSQKaRdW2VU/RAHnjOe2BmdeOxZ0Tz2sdnA1U6a4nEUfYLYdRqEfNsA==

turbo@canary:
  version "1.13.1-canary.3"
  resolved "https://registry.yarnpkg.com/turbo/-/turbo-1.13.1-canary.3.tgz#92ff26d358d3682ae4630cb1feceefde7f3719f1"
  integrity sha512-Dgc/sDf2wfJTg9fusf7NUWw9d7iJ9hv9s0YEcwSvNXzMUZRz8BUfPyfgHQpBqftBtcUfbVRaXVRqZHvaB8ELgw==
  optionalDependencies:
    turbo-darwin-64 "1.13.1-canary.3"
    turbo-darwin-arm64 "1.13.1-canary.3"
    turbo-linux-64 "1.13.1-canary.3"
    turbo-linux-arm64 "1.13.1-canary.3"
    turbo-windows-64 "1.13.1-canary.3"
    turbo-windows-arm64 "1.13.1-canary.3"
